
Microsoft Visual Studio Solution File, Format Version 12.00
# Visual Studio Version 17
VisualStudioVersion = 17.1.32319.34
MinimumVisualStudioVersion = 10.0.40219.1
Project("{9A19103F-16F7-4668-BE54-9A1E7A4F7556}") = "TDKRSports.Web", "TDKRSports.Web\TDKRSports.Web.csproj", "{A6519478-EF32-4DB6-945F-5214517F72CF}"
EndProject
Project("{9A19103F-16F7-4668-BE54-9A1E7A4F7556}") = "TDKRSports.CoreBusiness", "TDKRSports.CoreBusiness\TDKRSports.CoreBusiness.csproj", "{A4AA0F6B-1807-40D8-B999-B24BC2499C0C}"
EndProject
Project("{9A19103F-16F7-4668-BE54-9A1E7A4F7556}") = "TDKRSports.UseCases", "TDKRSports.UseCases\TDKRSports.UseCases.csproj", "{3FDFEB86-BCC0-4F28-8904-56E0A8CDA321}"
EndProject
Project("{2150E333-8FDC-42A3-9474-1A3956D46DE8}") = "Plugins", "Plugins", "{1B60F0EE-A2E6-4102-ADEE-BC1422C6DA9D}"
EndProject
Project("{9A19103F-16F7-4668-BE54-9A1E7A4F7556}") = "TDKRSports.DataStore.HardCoded", "Plugins\TDKRSports.DataStore.HardCoded\TDKRSports.DataStore.HardCoded.csproj", "{AC5FCDC7-8D01-43C5-80E9-3AE754AAD824}"
EndProject
Project("{2150E333-8FDC-42A3-9474-1A3956D46DE8}") = "TDKRSports.Web.Modules", "TDKRSports.Web.Modules", "{20B76EFC-032D-4301-BAC0-66AB997E6CA3}"
EndProject
Project("{9A19103F-16F7-4668-BE54-9A1E7A4F7556}") = "TDKRSports.Web.Common", "TDKRSports.Web.Modules\TDKRSports.Web.Common\TDKRSports.Web.Common.csproj", "{6F40D64E-2B9F-40F4-9DBD-FB75F00DF47A}"
EndProject
Project("{9A19103F-16F7-4668-BE54-9A1E7A4F7556}") = "TDKRSports.Web.AdminPortal", "TDKRSports.Web.Modules\TDKRSports.Web.AdminPortal\TDKRSports.Web.AdminPortal.csproj", "{B6315C74-9625-410B-931C-959776209CDB}"
EndProject
Project("{9A19103F-16F7-4668-BE54-9A1E7A4F7556}") = "TDKRSports.Web.CustomerPortal", "TDKRSports.Web.Modules\TDKRSports.Web.CustomerPortal\TDKRSports.Web.CustomerPortal.csproj", "{0284C8DE-383A-41FA-A1D8-AC838F9AD013}"
EndProject
Project("{9A19103F-16F7-4668-BE54-9A1E7A4F7556}") = "TDKRSports.ShoppingCart.LocalStorage", "Plugins\TDKRSports.ShoppingCart.LocalStorage\TDKRSports.ShoppingCart.LocalStorage.csproj", "{82F71AB4-A47D-4994-A011-509434F3F184}"
EndProject
Project("{FAE04EC0-301F-11D3-BF4B-00C04F79EFBC}") = "TDKRSports.StateStore.DI", "Plugins\TDKRSports.StateStore.DI\TDKRSports.StateStore.DI.csproj", "{BA411128-5D3D-4A0B-BBD9-B968BD9C460C}"
EndProject
Global
	GlobalSection(SolutionConfigurationPlatforms) = preSolution
		Debug|Any CPU = Debug|Any CPU
		Release|Any CPU = Release|Any CPU
	EndGlobalSection
	GlobalSection(ProjectConfigurationPlatforms) = postSolution
		{A6519478-EF32-4DB6-945F-5214517F72CF}.Debug|Any CPU.ActiveCfg = Debug|Any CPU
		{A6519478-EF32-4DB6-945F-5214517F72CF}.Debug|Any CPU.Build.0 = Debug|Any CPU
		{A6519478-EF32-4DB6-945F-5214517F72CF}.Release|Any CPU.ActiveCfg = Release|Any CPU
		{A6519478-EF32-4DB6-945F-5214517F72CF}.Release|Any CPU.Build.0 = Release|Any CPU
		{A4AA0F6B-1807-40D8-B999-B24BC2499C0C}.Debug|Any CPU.ActiveCfg = Debug|Any CPU
		{A4AA0F6B-1807-40D8-B999-B24BC2499C0C}.Debug|Any CPU.Build.0 = Debug|Any CPU
		{A4AA0F6B-1807-40D8-B999-B24BC2499C0C}.Release|Any CPU.ActiveCfg = Release|Any CPU
		{A4AA0F6B-1807-40D8-B999-B24BC2499C0C}.Release|Any CPU.Build.0 = Release|Any CPU
		{3FDFEB86-BCC0-4F28-8904-56E0A8CDA321}.Debug|Any CPU.ActiveCfg = Debug|Any CPU
		{3FDFEB86-BCC0-4F28-8904-56E0A8CDA321}.Debug|Any CPU.Build.0 = Debug|Any CPU
		{3FDFEB86-BCC0-4F28-8904-56E0A8CDA321}.Release|Any CPU.ActiveCfg = Release|Any CPU
		{3FDFEB86-BCC0-4F28-8904-56E0A8CDA321}.Release|Any CPU.Build.0 = Release|Any CPU
		{AC5FCDC7-8D01-43C5-80E9-3AE754AAD824}.Debug|Any CPU.ActiveCfg = Debug|Any CPU
		{AC5FCDC7-8D01-43C5-80E9-3AE754AAD824}.Debug|Any CPU.Build.0 = Debug|Any CPU
		{AC5FCDC7-8D01-43C5-80E9-3AE754AAD824}.Release|Any CPU.ActiveCfg = Release|Any CPU
		{AC5FCDC7-8D01-43C5-80E9-3AE754AAD824}.Release|Any CPU.Build.0 = Release|Any CPU
		{6F40D64E-2B9F-40F4-9DBD-FB75F00DF47A}.Debug|Any CPU.ActiveCfg = Debug|Any CPU
		{6F40D64E-2B9F-40F4-9DBD-FB75F00DF47A}.Debug|Any CPU.Build.0 = Debug|Any CPU
		{6F40D64E-2B9F-40F4-9DBD-FB75F00DF47A}.Release|Any CPU.ActiveCfg = Release|Any CPU
		{6F40D64E-2B9F-40F4-9DBD-FB75F00DF47A}.Release|Any CPU.Build.0 = Release|Any CPU
		{B6315C74-9625-410B-931C-959776209CDB}.Debug|Any CPU.ActiveCfg = Debug|Any CPU
		{B6315C74-9625-410B-931C-959776209CDB}.Debug|Any CPU.Build.0 = Debug|Any CPU
		{B6315C74-9625-410B-931C-959776209CDB}.Release|Any CPU.ActiveCfg = Release|Any CPU
		{B6315C74-9625-410B-931C-959776209CDB}.Release|Any CPU.Build.0 = Release|Any CPU
		{0284C8DE-383A-41FA-A1D8-AC838F9AD013}.Debug|Any CPU.ActiveCfg = Debug|Any CPU
		{0284C8DE-383A-41FA-A1D8-AC838F9AD013}.Debug|Any CPU.Build.0 = Debug|Any CPU
		{0284C8DE-383A-41FA-A1D8-AC838F9AD013}.Release|Any CPU.ActiveCfg = Release|Any CPU
		{0284C8DE-383A-41FA-A1D8-AC838F9AD013}.Release|Any CPU.Build.0 = Release|Any CPU
		{82F71AB4-A47D-4994-A011-509434F3F184}.Debug|Any CPU.ActiveCfg = Debug|Any CPU
		{82F71AB4-A47D-4994-A011-509434F3F184}.Debug|Any CPU.Build.0 = Debug|Any CPU
		{82F71AB4-A47D-4994-A011-509434F3F184}.Release|Any CPU.ActiveCfg = Release|Any CPU
		{82F71AB4-A47D-4994-A011-509434F3F184}.Release|Any CPU.Build.0 = Release|Any CPU
		{BA411128-5D3D-4A0B-BBD9-B968BD9C460C}.Debug|Any CPU.ActiveCfg = Debug|Any CPU
		{BA411128-5D3D-4A0B-BBD9-B968BD9C460C}.Debug|Any CPU.Build.0 = Debug|Any CPU
		{BA411128-5D3D-4A0B-BBD9-B968BD9C460C}.Release|Any CPU.ActiveCfg = Release|Any CPU
		{BA411128-5D3D-4A0B-BBD9-B968BD9C460C}.Release|Any CPU.Build.0 = Release|Any CPU
	EndGlobalSection
	GlobalSection(SolutionProperties) = preSolution
		HideSolutionNode = FALSE
	EndGlobalSection
	GlobalSection(NestedProjects) = preSolution
		{AC5FCDC7-8D01-43C5-80E9-3AE754AAD824} = {1B60F0EE-A2E6-4102-ADEE-BC1422C6DA9D}
		{6F40D64E-2B9F-40F4-9DBD-FB75F00DF47A} = {20B76EFC-032D-4301-BAC0-66AB997E6CA3}
		{B6315C74-9625-410B-931C-959776209CDB} = {20B76EFC-032D-4301-BAC0-66AB997E6CA3}
		{0284C8DE-383A-41FA-A1D8-AC838F9AD013} = {20B76EFC-032D-4301-BAC0-66AB997E6CA3}
		{82F71AB4-A47D-4994-A011-509434F3F184} = {1B60F0EE-A2E6-4102-ADEE-BC1422C6DA9D}
		{BA411128-5D3D-4A0B-BBD9-B968BD9C460C} = {1B60F0EE-A2E6-4102-ADEE-BC1422C6DA9D}
	EndGlobalSection
	GlobalSection(ExtensibilityGlobals) = postSolution
		SolutionGuid = {B3EA4B36-377B-40EC-8835-FDD676D0AD59}
	EndGlobalSection
EndGlobal
